
Microsoft Visual Studio Solution File, Format Version 12.00
# Visual Studio 14
VisualStudioVersion = 14.0.23107.0
MinimumVisualStudioVersion = 10.0.40219.1
Project("{FAE04EC0-301F-11D3-BF4B-00C04F79EFBC}") = "YandexMarketLanguage", "YandexMarketLanguage\YandexMarketLanguage.csproj", "{E9E85AFA-ECBB-43AA-8C2D-F84AAA07FE60}"
EndProject
Project("{2150E333-8FDC-42A3-9474-1A3956D46DE8}") = ".nuget", ".nuget", "{05F5635F-8999-4EFB-BBAE-9D75FF8AD9C0}"
	ProjectSection(SolutionItems) = preProject
		.nuget\packages.config = .nuget\packages.config
	EndProjectSection
EndProject
Project("{FAE04EC0-301F-11D3-BF4B-00C04F79EFBC}") = "YandexMarketLanguageTests", "YandexMarketLanguageTests\YandexMarketLanguageTests.csproj", "{BEFD43A7-FA46-435F-B4C3-1AFCD2E508F1}"
EndProject
Global
	GlobalSection(SolutionConfigurationPlatforms) = preSolution
		Debug|Any CPU = Debug|Any CPU
		Release|Any CPU = Release|Any CPU
	EndGlobalSection
	GlobalSection(ProjectConfigurationPlatforms) = postSolution
		{E9E85AFA-ECBB-43AA-8C2D-F84AAA07FE60}.Debug|Any CPU.ActiveCfg = Debug|Any CPU
		{E9E85AFA-ECBB-43AA-8C2D-F84AAA07FE60}.Debug|Any CPU.Build.0 = Debug|Any CPU
		{E9E85AFA-ECBB-43AA-8C2D-F84AAA07FE60}.Release|Any CPU.ActiveCfg = Release|Any CPU
		{E9E85AFA-ECBB-43AA-8C2D-F84AAA07FE60}.Release|Any CPU.Build.0 = Release|Any CPU
		{BEFD43A7-FA46-435F-B4C3-1AFCD2E508F1}.Debug|Any CPU.ActiveCfg = Debug|Any CPU
		{BEFD43A7-FA46-435F-B4C3-1AFCD2E508F1}.Debug|Any CPU.Build.0 = Debug|Any CPU
		{BEFD43A7-FA46-435F-B4C3-1AFCD2E508F1}.Release|Any CPU.ActiveCfg = Release|Any CPU
		{BEFD43A7-FA46-435F-B4C3-1AFCD2E508F1}.Release|Any CPU.Build.0 = Release|Any CPU
	EndGlobalSection
	GlobalSection(SolutionProperties) = preSolution
		HideSolutionNode = FALSE
	EndGlobalSection
EndGlobal
